
Microsoft Visual Studio Solution File, Format Version 12.00
# Visual Studio 2015
Project("{FAE04EC0-301F-11D3-BF4B-00C04F79EFBC}") = "ZombieHospital.CSharp", "ZombieHospital.CSharp.csproj", "{A2095774-895A-765A-3029-BAD129BC3E47}"
EndProject
Global
	GlobalSection(SolutionConfigurationPlatforms) = preSolution
		Debug|Any CPU = Debug|Any CPU
		Release|Any CPU = Release|Any CPU
	EndGlobalSection
	GlobalSection(ProjectConfigurationPlatforms) = postSolution
		{A2095774-895A-765A-3029-BAD129BC3E47}.Debug|Any CPU.ActiveCfg = Debug|Any CPU
		{A2095774-895A-765A-3029-BAD129BC3E47}.Debug|Any CPU.Build.0 = Debug|Any CPU
		{A2095774-895A-765A-3029-BAD129BC3E47}.Release|Any CPU.ActiveCfg = Release|Any CPU
		{A2095774-895A-765A-3029-BAD129BC3E47}.Release|Any CPU.Build.0 = Release|Any CPU
	EndGlobalSection
	GlobalSection(SolutionProperties) = preSolution
		HideSolutionNode = FALSE
	EndGlobalSection
EndGlobal
