Microsoft Visual Studio Solution File, Format Version 11.00
# Visual Studio 2008

Project("{F840AB87-74E9-1FBA-C8EB-5754D7953C73}") = "Zombie RPG Game", "Assembly-CSharp.csproj", "{878184A7-03D8-B7F4-07DB-618CC1A57100}"
EndProject
Global
	GlobalSection(SolutionConfigurationPlatforms) = preSolution
		Debug|Any CPU = Debug|Any CPU
		Release|Any CPU = Release|Any CPU
	EndGlobalSection
	GlobalSection(ProjectConfigurationPlatforms) = postSolution
		{878184A7-03D8-B7F4-07DB-618CC1A57100}.Debug|Any CPU.ActiveCfg = Debug|Any CPU
		{878184A7-03D8-B7F4-07DB-618CC1A57100}.Debug|Any CPU.Build.0 = Debug|Any CPU
		{878184A7-03D8-B7F4-07DB-618CC1A57100}.Release|Any CPU.ActiveCfg = Release|Any CPU
		{878184A7-03D8-B7F4-07DB-618CC1A57100}.Release|Any CPU.Build.0 = Release|Any CPU
	EndGlobalSection
	GlobalSection(SolutionProperties) = preSolution
		HideSolutionNode = FALSE
	EndGlobalSection
	GlobalSection(MonoDevelopProperties) = preSolution
		StartupItem = Assembly-CSharp.csproj
	EndGlobalSection
EndGlobal
